// !$*UTF8*$!
{
	archiveVersion = 1;
	classes = {
	};
	objectVersion = 55;
	objects = {

/* Begin PBXBuildFile section */
		89021DF1284FCC87009FF73B /* SettingsView.swift in Sources */ = {isa = PBXBuildFile; fileRef = 89021DF0284FCC87009FF73B /* SettingsView.swift */; };
		8952945A2842F4820068E347 /* QuoteDataModel.swift in Sources */ = {isa = PBXBuildFile; fileRef = 895294592842F4820068E347 /* QuoteDataModel.swift */; };
		8952945C284307650068E347 /* QuoteAPIView.swift in Sources */ = {isa = PBXBuildFile; fileRef = 8952945B284307650068E347 /* QuoteAPIView.swift */; };
		8952945E284313C30068E347 /* SwipeView.swift in Sources */ = {isa = PBXBuildFile; fileRef = 8952945D284313C20068E347 /* SwipeView.swift */; };
		89658F37285CF60800E74B07 /* PlayingView.swift in Sources */ = {isa = PBXBuildFile; fileRef = 89658F36285CF60800E74B07 /* PlayingView.swift */; };
		89658F39285CFF1F00E74B07 /* PlayerControls.swift in Sources */ = {isa = PBXBuildFile; fileRef = 89658F38285CFF1F00E74B07 /* PlayerControls.swift */; };
		89658F3D285D0FB000E74B07 /* SoundPlayerModel.swift in Sources */ = {isa = PBXBuildFile; fileRef = 89658F3C285D0FB000E74B07 /* SoundPlayerModel.swift */; };
		89658F3F285FA17000E74B07 /* WhiteNoiseView.swift in Sources */ = {isa = PBXBuildFile; fileRef = 89658F3E285FA17000E74B07 /* WhiteNoiseView.swift */; };
		89658F41286007FB00E74B07 /* AudioManager.swift in Sources */ = {isa = PBXBuildFile; fileRef = 89658F40286007FB00E74B07 /* AudioManager.swift */; };
		89658F452860133800E74B07 /* Rain.mp3 in Resources */ = {isa = PBXBuildFile; fileRef = 89658F422860133800E74B07 /* Rain.mp3 */; };
		89658F462860133800E74B07 /* Cricket.mp3 in Resources */ = {isa = PBXBuildFile; fileRef = 89658F432860133800E74B07 /* Cricket.mp3 */; };
		89658F472860133800E74B07 /* River.mp3 in Resources */ = {isa = PBXBuildFile; fileRef = 89658F442860133800E74B07 /* River.mp3 */; };
		89658F4A286021D800E74B07 /* Calm.mp3 in Resources */ = {isa = PBXBuildFile; fileRef = 89658F49286021D700E74B07 /* Calm.mp3 */; };
		89658F4E286023E500E74B07 /* Bliss.mp3 in Resources */ = {isa = PBXBuildFile; fileRef = 89658F4D286023E500E74B07 /* Bliss.mp3 */; };
		89D9893C283C4538003BA8CC /* EditNoteView.swift in Sources */ = {isa = PBXBuildFile; fileRef = 89D9893B283C4538003BA8CC /* EditNoteView.swift */; };
		89D9893F283C457B003BA8CC /* NoteView.swift in Sources */ = {isa = PBXBuildFile; fileRef = 89D9893E283C457B003BA8CC /* NoteView.swift */; };
		89D98941283C45B2003BA8CC /* NotesData.swift in Sources */ = {isa = PBXBuildFile; fileRef = 89D98940283C45B2003BA8CC /* NotesData.swift */; };
		89D98943283C4609003BA8CC /* DateFormatter.swift in Sources */ = {isa = PBXBuildFile; fileRef = 89D98942283C4609003BA8CC /* DateFormatter.swift */; };
		89E66A92281245900068B6C0 /* ONWEApp.swift in Sources */ = {isa = PBXBuildFile; fileRef = 89E66A91281245900068B6C0 /* ONWEApp.swift */; };
		89E66A94281245900068B6C0 /* ContentView.swift in Sources */ = {isa = PBXBuildFile; fileRef = 89E66A93281245900068B6C0 /* ContentView.swift */; };
		89E66A96281245930068B6C0 /* Assets.xcassets in Resources */ = {isa = PBXBuildFile; fileRef = 89E66A95281245930068B6C0 /* Assets.xcassets */; };
		89E66A99281245930068B6C0 /* Preview Assets.xcassets in Resources */ = {isa = PBXBuildFile; fileRef = 89E66A98281245930068B6C0 /* Preview Assets.xcassets */; };
		89E66AA6281C2EB00068B6C0 /* QuoteView.swift in Sources */ = {isa = PBXBuildFile; fileRef = 89E66AA5281C2EB00068B6C0 /* QuoteView.swift */; };
		89E66AB2281C66220068B6C0 /* JournalView.swift in Sources */ = {isa = PBXBuildFile; fileRef = 89E66AB1281C66220068B6C0 /* JournalView.swift */; };
		89FA3E84285545F700E8284B /* SoundView.swift in Sources */ = {isa = PBXBuildFile; fileRef = 89FA3E83285545F700E8284B /* SoundView.swift */; };
		89FA3E8D2856F06600E8284B /* AVFAudio.framework in Frameworks */ = {isa = PBXBuildFile; fileRef = 89FA3E8C2856F06600E8284B /* AVFAudio.framework */; };
/* End PBXBuildFile section */

/* Begin PBXFileReference section */
		89021DF0284FCC87009FF73B /* SettingsView.swift */ = {isa = PBXFileReference; lastKnownFileType = sourcecode.swift; path = SettingsView.swift; sourceTree = "<group>"; };
		895294592842F4820068E347 /* QuoteDataModel.swift */ = {isa = PBXFileReference; lastKnownFileType = sourcecode.swift; path = QuoteDataModel.swift; sourceTree = "<group>"; };
		8952945B284307650068E347 /* QuoteAPIView.swift */ = {isa = PBXFileReference; lastKnownFileType = sourcecode.swift; path = QuoteAPIView.swift; sourceTree = "<group>"; };
		8952945D284313C20068E347 /* SwipeView.swift */ = {isa = PBXFileReference; lastKnownFileType = sourcecode.swift; path = SwipeView.swift; sourceTree = "<group>"; };
		89658F36285CF60800E74B07 /* PlayingView.swift */ = {isa = PBXFileReference; lastKnownFileType = sourcecode.swift; path = PlayingView.swift; sourceTree = "<group>"; };
		89658F38285CFF1F00E74B07 /* PlayerControls.swift */ = {isa = PBXFileReference; lastKnownFileType = sourcecode.swift; path = PlayerControls.swift; sourceTree = "<group>"; };
		89658F3C285D0FB000E74B07 /* SoundPlayerModel.swift */ = {isa = PBXFileReference; lastKnownFileType = sourcecode.swift; path = SoundPlayerModel.swift; sourceTree = "<group>"; };
		89658F3E285FA17000E74B07 /* WhiteNoiseView.swift */ = {isa = PBXFileReference; lastKnownFileType = sourcecode.swift; path = WhiteNoiseView.swift; sourceTree = "<group>"; };
		89658F40286007FB00E74B07 /* AudioManager.swift */ = {isa = PBXFileReference; lastKnownFileType = sourcecode.swift; path = AudioManager.swift; sourceTree = "<group>"; };
		89658F422860133800E74B07 /* Rain.mp3 */ = {isa = PBXFileReference; lastKnownFileType = audio.mp3; path = Rain.mp3; sourceTree = "<group>"; };
		89658F432860133800E74B07 /* Cricket.mp3 */ = {isa = PBXFileReference; lastKnownFileType = audio.mp3; path = Cricket.mp3; sourceTree = "<group>"; };
		89658F442860133800E74B07 /* River.mp3 */ = {isa = PBXFileReference; lastKnownFileType = audio.mp3; path = River.mp3; sourceTree = "<group>"; };
		89658F4828601A7700E74B07 /* Info.plist */ = {isa = PBXFileReference; lastKnownFileType = text.plist; path = Info.plist; sourceTree = "<group>"; };
		89658F49286021D700E74B07 /* Calm.mp3 */ = {isa = PBXFileReference; lastKnownFileType = audio.mp3; path = Calm.mp3; sourceTree = "<group>"; };
		89658F4D286023E500E74B07 /* Bliss.mp3 */ = {isa = PBXFileReference; lastKnownFileType = audio.mp3; path = Bliss.mp3; sourceTree = "<group>"; };
		89D9893B283C4538003BA8CC /* EditNoteView.swift */ = {isa = PBXFileReference; lastKnownFileType = sourcecode.swift; path = EditNoteView.swift; sourceTree = "<group>"; };
		89D9893E283C457B003BA8CC /* NoteView.swift */ = {isa = PBXFileReference; lastKnownFileType = sourcecode.swift; path = NoteView.swift; sourceTree = "<group>"; };
		89D98940283C45B2003BA8CC /* NotesData.swift */ = {isa = PBXFileReference; lastKnownFileType = sourcecode.swift; path = NotesData.swift; sourceTree = "<group>"; };
		89D98942283C4609003BA8CC /* DateFormatter.swift */ = {isa = PBXFileReference; lastKnownFileType = sourcecode.swift; path = DateFormatter.swift; sourceTree = "<group>"; };
		89E66A8E281245900068B6C0 /* ONWE.app */ = {isa = PBXFileReference; explicitFileType = wrapper.application; includeInIndex = 0; path = ONWE.app; sourceTree = BUILT_PRODUCTS_DIR; };
		89E66A91281245900068B6C0 /* ONWEApp.swift */ = {isa = PBXFileReference; lastKnownFileType = sourcecode.swift; path = ONWEApp.swift; sourceTree = "<group>"; };
		89E66A93281245900068B6C0 /* ContentView.swift */ = {isa = PBXFileReference; lastKnownFileType = sourcecode.swift; path = ContentView.swift; sourceTree = "<group>"; };
		89E66A95281245930068B6C0 /* Assets.xcassets */ = {isa = PBXFileReference; lastKnownFileType = folder.assetcatalog; path = Assets.xcassets; sourceTree = "<group>"; };
		89E66A98281245930068B6C0 /* Preview Assets.xcassets */ = {isa = PBXFileReference; lastKnownFileType = folder.assetcatalog; path = "Preview Assets.xcassets"; sourceTree = "<group>"; };
		89E66AA5281C2EB00068B6C0 /* QuoteView.swift */ = {isa = PBXFileReference; lastKnownFileType = sourcecode.swift; path = QuoteView.swift; sourceTree = "<group>"; };
		89E66AB1281C66220068B6C0 /* JournalView.swift */ = {isa = PBXFileReference; lastKnownFileType = sourcecode.swift; path = JournalView.swift; sourceTree = "<group>"; };
		89FA3E83285545F700E8284B /* SoundView.swift */ = {isa = PBXFileReference; lastKnownFileType = sourcecode.swift; path = SoundView.swift; sourceTree = "<group>"; };
		89FA3E8C2856F06600E8284B /* AVFAudio.framework */ = {isa = PBXFileReference; lastKnownFileType = wrapper.framework; name = AVFAudio.framework; path = System/Library/Frameworks/AVFAudio.framework; sourceTree = SDKROOT; };
/* End PBXFileReference section */

/* Begin PBXFrameworksBuildPhase section */
		89E66A8B281245900068B6C0 /* Frameworks */ = {
			isa = PBXFrameworksBuildPhase;
			buildActionMask = 2147483647;
			files = (
				89FA3E8D2856F06600E8284B /* AVFAudio.framework in Frameworks */,
			);
			runOnlyForDeploymentPostprocessing = 0;
		};
/* End PBXFrameworksBuildPhase section */

/* Begin PBXGroup section */
		89021DEF284FCC54009FF73B /* Settings */ = {
			isa = PBXGroup;
			children = (
				89021DF0284FCC87009FF73B /* SettingsView.swift */,
			);
			path = Settings;
			sourceTree = "<group>";
		};
		895294582842BF1B0068E347 /* Quotes */ = {
			isa = PBXGroup;
			children = (
				89E66AA5281C2EB00068B6C0 /* QuoteView.swift */,
				8952945B284307650068E347 /* QuoteAPIView.swift */,
				8952945D284313C20068E347 /* SwipeView.swift */,
			);
			path = Quotes;
			sourceTree = "<group>";
		};
		89D98939283C44EA003BA8CC /* Data */ = {
			isa = PBXGroup;
			children = (
				89D98942283C4609003BA8CC /* DateFormatter.swift */,
				89D98940283C45B2003BA8CC /* NotesData.swift */,
				89658F40286007FB00E74B07 /* AudioManager.swift */,
				895294592842F4820068E347 /* QuoteDataModel.swift */,
				89658F3C285D0FB000E74B07 /* SoundPlayerModel.swift */,
			);
			path = Data;
			sourceTree = "<group>";
		};
		89D9893D283C4547003BA8CC /* Journal */ = {
			isa = PBXGroup;
			children = (
				89E66AB1281C66220068B6C0 /* JournalView.swift */,
				89D9893B283C4538003BA8CC /* EditNoteView.swift */,
				89D9893E283C457B003BA8CC /* NoteView.swift */,
			);
			path = Journal;
			sourceTree = "<group>";
		};
		89E66A852812458F0068B6C0 = {
			isa = PBXGroup;
			children = (
				89E66A90281245900068B6C0 /* ONWE */,
				89E66A8F281245900068B6C0 /* Products */,
				89FA3E8B2856F06600E8284B /* Frameworks */,
			);
			sourceTree = "<group>";
		};
		89E66A8F281245900068B6C0 /* Products */ = {
			isa = PBXGroup;
			children = (
				89E66A8E281245900068B6C0 /* ONWE.app */,
			);
			name = Products;
			sourceTree = "<group>";
		};
		89E66A90281245900068B6C0 /* ONWE */ = {
			isa = PBXGroup;
			children = (
				89658F4828601A7700E74B07 /* Info.plist */,
				89E66A91281245900068B6C0 /* ONWEApp.swift */,
				89E66A93281245900068B6C0 /* ContentView.swift */,
				89D98939283C44EA003BA8CC /* Data */,
				89FA3E8228551D4200E8284B /* WhiteNoise */,
				89021DEF284FCC54009FF73B /* Settings */,
				895294582842BF1B0068E347 /* Quotes */,
				89D9893D283C4547003BA8CC /* Journal */,
				89E66A95281245930068B6C0 /* Assets.xcassets */,
				89E66A97281245930068B6C0 /* Preview Content */,
			);
			path = ONWE;
			sourceTree = "<group>";
		};
		89E66A97281245930068B6C0 /* Preview Content */ = {
			isa = PBXGroup;
			children = (
				89E66A98281245930068B6C0 /* Preview Assets.xcassets */,
			);
			path = "Preview Content";
			sourceTree = "<group>";
		};
		89FA3E8228551D4200E8284B /* WhiteNoise */ = {
			isa = PBXGroup;
			children = (
				89658F432860133800E74B07 /* Cricket.mp3 */,
				89658F49286021D700E74B07 /* Calm.mp3 */,
				89658F422860133800E74B07 /* Rain.mp3 */,
				89658F4D286023E500E74B07 /* Bliss.mp3 */,
				89658F442860133800E74B07 /* River.mp3 */,
				89658F3E285FA17000E74B07 /* WhiteNoiseView.swift */,
				89658F36285CF60800E74B07 /* PlayingView.swift */,
				89FA3E83285545F700E8284B /* SoundView.swift */,
				89658F38285CFF1F00E74B07 /* PlayerControls.swift */,
			);
			path = WhiteNoise;
			sourceTree = "<group>";
		};
		89FA3E8B2856F06600E8284B /* Frameworks */ = {
			isa = PBXGroup;
			children = (
				89FA3E8C2856F06600E8284B /* AVFAudio.framework */,
			);
			name = Frameworks;
			sourceTree = "<group>";
		};
/* End PBXGroup section */

/* Begin PBXNativeTarget section */
		89E66A8D281245900068B6C0 /* ONWE */ = {
			isa = PBXNativeTarget;
			buildConfigurationList = 89E66A9C281245930068B6C0 /* Build configuration list for PBXNativeTarget "ONWE" */;
			buildPhases = (
				89E66A8A281245900068B6C0 /* Sources */,
				89E66A8B281245900068B6C0 /* Frameworks */,
				89E66A8C281245900068B6C0 /* Resources */,
			);
			buildRules = (
			);
			dependencies = (
			);
			name = ONWE;
			productName = ONWE;
			productReference = 89E66A8E281245900068B6C0 /* ONWE.app */;
			productType = "com.apple.product-type.application";
		};
/* End PBXNativeTarget section */

/* Begin PBXProject section */
		89E66A862812458F0068B6C0 /* Project object */ = {
			isa = PBXProject;
			attributes = {
				BuildIndependentTargetsInParallel = 1;
				LastSwiftUpdateCheck = 1330;
				LastUpgradeCheck = 1330;
				TargetAttributes = {
					89E66A8D281245900068B6C0 = {
						CreatedOnToolsVersion = 13.3.1;
					};
				};
			};
			buildConfigurationList = 89E66A89281245900068B6C0 /* Build configuration list for PBXProject "ONWE" */;
			compatibilityVersion = "Xcode 13.0";
			developmentRegion = en;
			hasScannedForEncodings = 0;
			knownRegions = (
				en,
				Base,
			);
			mainGroup = 89E66A852812458F0068B6C0;
			productRefGroup = 89E66A8F281245900068B6C0 /* Products */;
			projectDirPath = "";
			projectRoot = "";
			targets = (
				89E66A8D281245900068B6C0 /* ONWE */,
			);
		};
/* End PBXProject section */

/* Begin PBXResourcesBuildPhase section */
		89E66A8C281245900068B6C0 /* Resources */ = {
			isa = PBXResourcesBuildPhase;
			buildActionMask = 2147483647;
			files = (
				89658F452860133800E74B07 /* Rain.mp3 in Resources */,
				89E66A99281245930068B6C0 /* Preview Assets.xcassets in Resources */,
				89658F472860133800E74B07 /* River.mp3 in Resources */,
				89658F4E286023E500E74B07 /* Bliss.mp3 in Resources */,
				89658F4A286021D800E74B07 /* Calm.mp3 in Resources */,
				89658F462860133800E74B07 /* Cricket.mp3 in Resources */,
				89E66A96281245930068B6C0 /* Assets.xcassets in Resources */,
			);
			runOnlyForDeploymentPostprocessing = 0;
		};
/* End PBXResourcesBuildPhase section */

/* Begin PBXSourcesBuildPhase section */
		89E66A8A281245900068B6C0 /* Sources */ = {
			isa = PBXSourcesBuildPhase;
			buildActionMask = 2147483647;
			files = (
				89658F39285CFF1F00E74B07 /* PlayerControls.swift in Sources */,
				89658F3F285FA17000E74B07 /* WhiteNoiseView.swift in Sources */,
				89658F41286007FB00E74B07 /* AudioManager.swift in Sources */,
				8952945A2842F4820068E347 /* QuoteDataModel.swift in Sources */,
				89D98943283C4609003BA8CC /* DateFormatter.swift in Sources */,
				89E66AA6281C2EB00068B6C0 /* QuoteView.swift in Sources */,
				89E66AB2281C66220068B6C0 /* JournalView.swift in Sources */,
				89E66A94281245900068B6C0 /* ContentView.swift in Sources */,
				89658F3D285D0FB000E74B07 /* SoundPlayerModel.swift in Sources */,
				8952945C284307650068E347 /* QuoteAPIView.swift in Sources */,
				89E66A92281245900068B6C0 /* ONWEApp.swift in Sources */,
				89D9893C283C4538003BA8CC /* EditNoteView.swift in Sources */,
				89D98941283C45B2003BA8CC /* NotesData.swift in Sources */,
				89021DF1284FCC87009FF73B /* SettingsView.swift in Sources */,
				89658F37285CF60800E74B07 /* PlayingView.swift in Sources */,
				89FA3E84285545F700E8284B /* SoundView.swift in Sources */,
				8952945E284313C30068E347 /* SwipeView.swift in Sources */,
				89D9893F283C457B003BA8CC /* NoteView.swift in Sources */,
			);
			runOnlyForDeploymentPostprocessing = 0;
		};
/* End PBXSourcesBuildPhase section */

/* Begin XCBuildConfiguration section */
		89E66A9A281245930068B6C0 /* Debug */ = {
			isa = XCBuildConfiguration;
			buildSettings = {
				ALWAYS_SEARCH_USER_PATHS = NO;
				CLANG_ANALYZER_NONNULL = YES;
				CLANG_ANALYZER_NUMBER_OBJECT_CONVERSION = YES_AGGRESSIVE;
				CLANG_CXX_LANGUAGE_STANDARD = "gnu++17";
				CLANG_ENABLE_MODULES = YES;
				CLANG_ENABLE_OBJC_ARC = YES;
				CLANG_ENABLE_OBJC_WEAK = YES;
				CLANG_WARN_BLOCK_CAPTURE_AUTORELEASING = YES;
				CLANG_WARN_BOOL_CONVERSION = YES;
				CLANG_WARN_COMMA = YES;
				CLANG_WARN_CONSTANT_CONVERSION = YES;
				CLANG_WARN_DEPRECATED_OBJC_IMPLEMENTATIONS = YES;
				CLANG_WARN_DIRECT_OBJC_ISA_USAGE = YES_ERROR;
				CLANG_WARN_DOCUMENTATION_COMMENTS = YES;
				CLANG_WARN_EMPTY_BODY = YES;
				CLANG_WARN_ENUM_CONVERSION = YES;
				CLANG_WARN_INFINITE_RECURSION = YES;
				CLANG_WARN_INT_CONVERSION = YES;
				CLANG_WARN_NON_LITERAL_NULL_CONVERSION = YES;
				CLANG_WARN_OBJC_IMPLICIT_RETAIN_SELF = YES;
				CLANG_WARN_OBJC_LITERAL_CONVERSION = YES;
				CLANG_WARN_OBJC_ROOT_CLASS = YES_ERROR;
				CLANG_WARN_QUOTED_INCLUDE_IN_FRAMEWORK_HEADER = YES;
				CLANG_WARN_RANGE_LOOP_ANALYSIS = YES;
				CLANG_WARN_STRICT_PROTOTYPES = YES;
				CLANG_WARN_SUSPICIOUS_MOVE = YES;
				CLANG_WARN_UNGUARDED_AVAILABILITY = YES_AGGRESSIVE;
				CLANG_WARN_UNREACHABLE_CODE = YES;
				CLANG_WARN__DUPLICATE_METHOD_MATCH = YES;
				COPY_PHASE_STRIP = NO;
				DEBUG_INFORMATION_FORMAT = dwarf;
				ENABLE_STRICT_OBJC_MSGSEND = YES;
				ENABLE_TESTABILITY = YES;
				GCC_C_LANGUAGE_STANDARD = gnu11;
				GCC_DYNAMIC_NO_PIC = NO;
				GCC_NO_COMMON_BLOCKS = YES;
				GCC_OPTIMIZATION_LEVEL = 0;
				GCC_PREPROCESSOR_DEFINITIONS = (
					"DEBUG=1",
					"$(inherited)",
				);
				GCC_WARN_64_TO_32_BIT_CONVERSION = YES;
				GCC_WARN_ABOUT_RETURN_TYPE = YES_ERROR;
				GCC_WARN_UNDECLARED_SELECTOR = YES;
				GCC_WARN_UNINITIALIZED_AUTOS = YES_AGGRESSIVE;
				GCC_WARN_UNUSED_FUNCTION = YES;
				GCC_WARN_UNUSED_VARIABLE = YES;
				IPHONEOS_DEPLOYMENT_TARGET = 15.4;
				MTL_ENABLE_DEBUG_INFO = INCLUDE_SOURCE;
				MTL_FAST_MATH = YES;
				ONLY_ACTIVE_ARCH = YES;
				SDKROOT = iphoneos;
				SWIFT_ACTIVE_COMPILATION_CONDITIONS = DEBUG;
				SWIFT_OPTIMIZATION_LEVEL = "-Onone";
			};
			name = Debug;
		};
		89E66A9B281245930068B6C0 /* Release */ = {
			isa = XCBuildConfiguration;
			buildSettings = {
				ALWAYS_SEARCH_USER_PATHS = NO;
				CLANG_ANALYZER_NONNULL = YES;
				CLANG_ANALYZER_NUMBER_OBJECT_CONVERSION = YES_AGGRESSIVE;
				CLANG_CXX_LANGUAGE_STANDARD = "gnu++17";
				CLANG_ENABLE_MODULES = YES;
				CLANG_ENABLE_OBJC_ARC = YES;
				CLANG_ENABLE_OBJC_WEAK = YES;
				CLANG_WARN_BLOCK_CAPTURE_AUTORELEASING = YES;
				CLANG_WARN_BOOL_CONVERSION = YES;
				CLANG_WARN_COMMA = YES;
				CLANG_WARN_CONSTANT_CONVERSION = YES;
				CLANG_WARN_DEPRECATED_OBJC_IMPLEMENTATIONS = YES;
				CLANG_WARN_DIRECT_OBJC_ISA_USAGE = YES_ERROR;
				CLANG_WARN_DOCUMENTATION_COMMENTS = YES;
				CLANG_WARN_EMPTY_BODY = YES;
				CLANG_WARN_ENUM_CONVERSION = YES;
				CLANG_WARN_INFINITE_RECURSION = YES;
				CLANG_WARN_INT_CONVERSION = YES;
				CLANG_WARN_NON_LITERAL_NULL_CONVERSION = YES;
				CLANG_WARN_OBJC_IMPLICIT_RETAIN_SELF = YES;
				CLANG_WARN_OBJC_LITERAL_CONVERSION = YES;
				CLANG_WARN_OBJC_ROOT_CLASS = YES_ERROR;
				CLANG_WARN_QUOTED_INCLUDE_IN_FRAMEWORK_HEADER = YES;
				CLANG_WARN_RANGE_LOOP_ANALYSIS = YES;
				CLANG_WARN_STRICT_PROTOTYPES = YES;
				CLANG_WARN_SUSPICIOUS_MOVE = YES;
				CLANG_WARN_UNGUARDED_AVAILABILITY = YES_AGGRESSIVE;
				CLANG_WARN_UNREACHABLE_CODE = YES;
				CLANG_WARN__DUPLICATE_METHOD_MATCH = YES;
				COPY_PHASE_STRIP = NO;
				DEBUG_INFORMATION_FORMAT = "dwarf-with-dsym";
				ENABLE_NS_ASSERTIONS = NO;
				ENABLE_STRICT_OBJC_MSGSEND = YES;
				GCC_C_LANGUAGE_STANDARD = gnu11;
				GCC_NO_COMMON_BLOCKS = YES;
				GCC_WARN_64_TO_32_BIT_CONVERSION = YES;
				GCC_WARN_ABOUT_RETURN_TYPE = YES_ERROR;
				GCC_WARN_UNDECLARED_SELECTOR = YES;
				GCC_WARN_UNINITIALIZED_AUTOS = YES_AGGRESSIVE;
				GCC_WARN_UNUSED_FUNCTION = YES;
				GCC_WARN_UNUSED_VARIABLE = YES;
				IPHONEOS_DEPLOYMENT_TARGET = 15.4;
				MTL_ENABLE_DEBUG_INFO = NO;
				MTL_FAST_MATH = YES;
				SDKROOT = iphoneos;
				SWIFT_COMPILATION_MODE = wholemodule;
				SWIFT_OPTIMIZATION_LEVEL = "-O";
				VALIDATE_PRODUCT = YES;
			};
			name = Release;
		};
		89E66A9D281245930068B6C0 /* Debug */ = {
			isa = XCBuildConfiguration;
			buildSettings = {
				ASSETCATALOG_COMPILER_APPICON_NAME = AppIcon;
				ASSETCATALOG_COMPILER_GLOBAL_ACCENT_COLOR_NAME = AccentColor;
				CODE_SIGN_STYLE = Automatic;
				CURRENT_PROJECT_VERSION = 1;
				DEVELOPMENT_ASSET_PATHS = "\"ONWE/Preview Content\"";
				DEVELOPMENT_TEAM = TT58XSC547;
				ENABLE_PREVIEWS = YES;
				GENERATE_INFOPLIST_FILE = YES;
				INFOPLIST_FILE = ONWE/Info.plist;
				INFOPLIST_KEY_UIApplicationSceneManifest_Generation = YES;
				INFOPLIST_KEY_UIApplicationSupportsIndirectInputEvents = YES;
				INFOPLIST_KEY_UILaunchScreen_Generation = YES;
				INFOPLIST_KEY_UISupportedInterfaceOrientations_iPad = "UIInterfaceOrientationPortrait UIInterfaceOrientationPortraitUpsideDown UIInterfaceOrientationLandscapeLeft UIInterfaceOrientationLandscapeRight";
				INFOPLIST_KEY_UISupportedInterfaceOrientations_iPhone = "UIInterfaceOrientationPortrait UIInterfaceOrientationLandscapeLeft UIInterfaceOrientationLandscapeRight";
				LD_RUNPATH_SEARCH_PATHS = (
					"$(inherited)",
					"@executable_path/Frameworks",
				);
				MARKETING_VERSION = 1.0;
				PRODUCT_BUNDLE_IDENTIFIER = com.yanika.ONWE;
				PRODUCT_NAME = "$(TARGET_NAME)";
				SWIFT_EMIT_LOC_STRINGS = YES;
				SWIFT_VERSION = 5.0;
				TARGETED_DEVICE_FAMILY = "1,2";
			};
			name = Debug;
		};
		89E66A9E281245930068B6C0 /* Release */ = {
			isa = XCBuildConfiguration;
			buildSettings = {
				ASSETCATALOG_COMPILER_APPICON_NAME = AppIcon;
				ASSETCATALOG_COMPILER_GLOBAL_ACCENT_COLOR_NAME = AccentColor;
				CODE_SIGN_STYLE = Automatic;
				CURRENT_PROJECT_VERSION = 1;
				DEVELOPMENT_ASSET_PATHS = "\"ONWE/Preview Content\"";
				DEVELOPMENT_TEAM = TT58XSC547;
				ENABLE_PREVIEWS = YES;
				GENERATE_INFOPLIST_FILE = YES;
				INFOPLIST_FILE = ONWE/Info.plist;
				INFOPLIST_KEY_UIApplicationSceneManifest_Generation = YES;
				INFOPLIST_KEY_UIApplicationSupportsIndirectInputEvents = YES;
				INFOPLIST_KEY_UILaunchScreen_Generation = YES;
				INFOPLIST_KEY_UISupportedInterfaceOrientations_iPad = "UIInterfaceOrientationPortrait UIInterfaceOrientationPortraitUpsideDown UIInterfaceOrientationLandscapeLeft UIInterfaceOrientationLandscapeRight";
				INFOPLIST_KEY_UISupportedInterfaceOrientations_iPhone = "UIInterfaceOrientationPortrait UIInterfaceOrientationLandscapeLeft UIInterfaceOrientationLandscapeRight";
				LD_RUNPATH_SEARCH_PATHS = (
					"$(inherited)",
					"@executable_path/Frameworks",
				);
				MARKETING_VERSION = 1.0;
				PRODUCT_BUNDLE_IDENTIFIER = com.yanika.ONWE;
				PRODUCT_NAME = "$(TARGET_NAME)";
				SWIFT_EMIT_LOC_STRINGS = YES;
				SWIFT_VERSION = 5.0;
				TARGETED_DEVICE_FAMILY = "1,2";
			};
			name = Release;
		};
/* End XCBuildConfiguration section */

/* Begin XCConfigurationList section */
		89E66A89281245900068B6C0 /* Build configuration list for PBXProject "ONWE" */ = {
			isa = XCConfigurationList;
			buildConfigurations = (
				89E66A9A281245930068B6C0 /* Debug */,
				89E66A9B281245930068B6C0 /* Release */,
			);
			defaultConfigurationIsVisible = 0;
			defaultConfigurationName = Release;
		};
		89E66A9C281245930068B6C0 /* Build configuration list for PBXNativeTarget "ONWE" */ = {
			isa = XCConfigurationList;
			buildConfigurations = (
				89E66A9D281245930068B6C0 /* Debug */,
				89E66A9E281245930068B6C0 /* Release */,
			);
			defaultConfigurationIsVisible = 0;
			defaultConfigurationName = Release;
		};
/* End XCConfigurationList section */
	};
	rootObject = 89E66A862812458F0068B6C0 /* Project object */;
}
